
Microsoft Visual Studio Solution File, Format Version 12.00
# Visual Studio 15
VisualStudioVersion = 15.0.26730.12
MinimumVisualStudioVersion = 10.0.40219.1
Project("{FAE04EC0-301F-11D3-BF4B-00C04F79EFBC}") = "DigitalClock", "DigitalClock\DigitalClock.csproj", "{E40ABB39-C363-420C-8348-5106208037E6}"
EndProject
Global
	GlobalSection(SolutionConfigurationPlatforms) = preSolution
		Debug|Any CPU = Debug|Any CPU
		Release|Any CPU = Release|Any CPU
	EndGlobalSection
	GlobalSection(ProjectConfigurationPlatforms) = postSolution
		{E40ABB39-C363-420C-8348-5106208037E6}.Debug|Any CPU.ActiveCfg = Debug|Any CPU
		{E40ABB39-C363-420C-8348-5106208037E6}.Debug|Any CPU.Build.0 = Debug|Any CPU
		{E40ABB39-C363-420C-8348-5106208037E6}.Release|Any CPU.ActiveCfg = Release|Any CPU
		{E40ABB39-C363-420C-8348-5106208037E6}.Release|Any CPU.Build.0 = Release|Any CPU
	EndGlobalSection
	GlobalSection(SolutionProperties) = preSolution
		HideSolutionNode = FALSE
	EndGlobalSection
	GlobalSection(ExtensibilityGlobals) = postSolution
		SolutionGuid = {37435BE9-E460-4189-B430-D09AF49979D4}
	EndGlobalSection
EndGlobal
